# THIS IS AN AUTOGENERATED FILE. DO NOT EDIT THIS FILE DIRECTLY.
# yarn lockfile v1


"@masx200/async-task-current-limiter@^1.0.9":
  "integrity" "sha512-+JSTzadMW49wbzRIPzJS5BzEypt5Hy8CIbatYwpk1Gp8AbGxvwKoj1XgA//P2bEEodmFZGVCpgb3eXJl9SOVfA=="
  "resolved" "https://registry.npmmirror.com/@masx200/async-task-current-limiter/-/async-task-current-limiter-1.0.9.tgz"
  "version" "1.0.9"
  dependencies:
    "@masx200/event-emitter-target" "^1.1.7"

"@masx200/event-emitter-target@^1.1.7":
  "integrity" "sha512-7MPOvpJxXOaX5QMRFn+oTrVg/vvff2fyOSAzGxHOf/sIZBnSLdaupJJPn2him/hkAzFmiCPK58uMP7f6iRLiIA=="
  "resolved" "https://registry.npmmirror.com/@masx200/event-emitter-target/-/event-emitter-target-1.1.7.tgz"
  "version" "1.1.7"

"@masx200/mini-cli-args-parser@^1.0.2":
  "integrity" "sha1-vtvcHccT9vm1oaNfZrXdbEjdhfI="
  "resolved" "https://registry.npm.taobao.org/@masx200/mini-cli-args-parser/download/@masx200/mini-cli-args-parser-1.0.2.tgz"
  "version" "1.0.2"

"@shanyue/promise-utils@^2.0.4":
  "integrity" "sha512-dpGmggFZ80nZJJpQ957fxbavLXnkvrcL/miQXtIexlZZqWStGnNgKHQ4cdDUei+ktpKn24YbIXsiy957GtNs6g=="
  "resolved" "https://registry.npmmirror.com/@shanyue/promise-utils/-/promise-utils-2.0.4.tgz"
  "version" "2.0.4"

"@types/find@^0.2.1":
  "integrity" "sha512-qUrCBlWoo9ij6ZEMx8G2WEjkdpofFks37/eZSDce7e0BY8lCYS2u7dVAoBy6AKRGX8z/ukllrUAyQ8h+/zlW9w=="
  "resolved" "https://registry.npmmirror.com/@types/find/-/find-0.2.1.tgz"
  "version" "0.2.1"

"@types/fs-extra@^9.0.2":
  "integrity" "sha1-4eG1eMSOjQiuf8NuVSuUxvRiFgk="
  "resolved" "https://registry.npm.taobao.org/@types/fs-extra/download/@types/fs-extra-9.0.2.tgz"
  "version" "9.0.2"
  dependencies:
    "@types/node" "*"

"@types/node@*", "@types/node@^14.14.6":
  "integrity" "sha1-FG09pXs8Y2zA0XaTls4c+omRFH8="
  "resolved" "https://registry.npm.taobao.org/@types/node/download/@types/node-14.14.6.tgz?cache=0&other_urls=https%3A%2F%2Fregistry.npm.taobao.org%2F%40types%2Fnode%2Fdownload%2F%40types%2Fnode-14.14.6.tgz"
  "version" "14.14.6"

"at-least-node@^1.0.0":
  "integrity" "sha512-+q/t7Ekv1EDY2l6Gda6LLiX14rU9TV20Wa3ofeQmwPFZbOMo9DXrLbOjFaaclkXKWidIaopwAObQDqwWtGUjqg=="
  "resolved" "https://registry.npmmirror.com/at-least-node/-/at-least-node-1.0.0.tgz"
  "version" "1.0.0"

"find@^0.3.0":
  "integrity" "sha512-iSd+O4OEYV/I36Zl8MdYJO0xD82wH528SaCieTVHhclgiYNe9y+yPKSwK+A7/WsmHL1EZ+pYUJBXWTL5qofksw=="
  "resolved" "https://registry.npmmirror.com/find/-/find-0.3.0.tgz"
  "version" "0.3.0"
  dependencies:
    "traverse-chain" "~0.1.0"

"fs-extra@^9.0.1":
  "integrity" "sha512-h2iAoN838FqAFJY2/qVpzFXy+EBxfVE220PalAqQLDVsFOHLJrZvut5puAbCdNv6WJk+B8ihI+k0c7JK5erwqQ=="
  "resolved" "https://registry.npmmirror.com/fs-extra/-/fs-extra-9.0.1.tgz"
  "version" "9.0.1"
  dependencies:
    "at-least-node" "^1.0.0"
    "graceful-fs" "^4.2.0"
    "jsonfile" "^6.0.1"
    "universalify" "^1.0.0"

"graceful-fs@^4.1.6", "graceful-fs@^4.2.0":
  "integrity" "sha512-WjKPNJF79dtJAVniUlGGWHYGz2jWxT6VhN/4m1NdkbZ2nOsEF+cI1Edgql5zCRhs/VsQYRvrXctxktVXZUkixw=="
  "resolved" "https://registry.npmmirror.com/graceful-fs/-/graceful-fs-4.2.4.tgz"
  "version" "4.2.4"

"jsonfile@^6.0.1":
  "integrity" "sha512-jR2b5v7d2vIOust+w3wtFKZIfpC2pnRmFAhAC/BuweZFQR8qZzxH1OyrQ10HmdVYiXWkYUqPVsz91cG7EL2FBg=="
  "resolved" "https://registry.npmmirror.com/jsonfile/-/jsonfile-6.0.1.tgz"
  "version" "6.0.1"
  dependencies:
    "universalify" "^1.0.0"
  optionalDependencies:
    "graceful-fs" "^4.1.6"

"prettier@^2.1.2":
  "integrity" "sha1-MFBwDa4uTItnxMP2Zs24r0BeHOU="
  "resolved" "https://registry.npm.taobao.org/prettier/download/prettier-2.1.2.tgz?cache=0&sync_timestamp=1600215482255&other_urls=https%3A%2F%2Fregistry.npm.taobao.org%2Fprettier%2Fdownload%2Fprettier-2.1.2.tgz"
  "version" "2.1.2"

"traverse-chain@~0.1.0":
  "integrity" "sha1-YdvC1Ttp/2CRoSoWj9fUMxB+QPE= sha512-up6Yvai4PYKhpNp5PkYtx50m3KbwQrqDwbuZP/ItyL64YEWHAvH6Md83LFLV/GRSk/BoUVwwgUzX6SOQSbsfAg=="
  "resolved" "https://registry.npmmirror.com/traverse-chain/-/traverse-chain-0.1.0.tgz"
  "version" "0.1.0"

"tslib@^2.0.3":
  "integrity" "sha1-jgdBrEX8DCJuWKF7/D5kubxsphw="
  "resolved" "https://registry.npm.taobao.org/tslib/download/tslib-2.0.3.tgz"
  "version" "2.0.3"

"typescript@^4.0.5":
  "integrity" "sha1-rp3d/RBp8ctb6z7zshcN18EzI4k="
  "resolved" "https://registry.npm.taobao.org/typescript/download/typescript-4.0.5.tgz"
  "version" "4.0.5"

"universalify@^1.0.0":
  "integrity" "sha512-rb6X1W158d7pRQBg5gkR8uPaSfiids68LTJQYOtEUhoJUWBdaQHsuT/EUduxXYxcrt4r5PJ4fuHW1MHT6p0qug=="
  "resolved" "https://registry.npmmirror.com/universalify/-/universalify-1.0.0.tgz"
  "version" "1.0.0"
